
Microsoft Visual Studio Solution File, Format Version 12.00
# Visual Studio Version 17
VisualStudioVersion = 17.8.34004.107
MinimumVisualStudioVersion = 10.0.40219.1
Project("{FAE04EC0-301F-11D3-BF4B-00C04F79EFBC}") = "Contactly", "Contactly\Contactly.csproj", "{CD02D894-C2B9-422F-92A8-47E1C76118BD}"
EndProject
Global
	GlobalSection(SolutionConfigurationPlatforms) = preSolution
		Debug|Any CPU = Debug|Any CPU
		Release|Any CPU = Release|Any CPU
	EndGlobalSection
	GlobalSection(ProjectConfigurationPlatforms) = postSolution
		{CD02D894-C2B9-422F-92A8-47E1C76118BD}.Debug|Any CPU.ActiveCfg = Debug|Any CPU
		{CD02D894-C2B9-422F-92A8-47E1C76118BD}.Debug|Any CPU.Build.0 = Debug|Any CPU
		{CD02D894-C2B9-422F-92A8-47E1C76118BD}.Release|Any CPU.ActiveCfg = Release|Any CPU
		{CD02D894-C2B9-422F-92A8-47E1C76118BD}.Release|Any CPU.Build.0 = Release|Any CPU
	EndGlobalSection
	GlobalSection(SolutionProperties) = preSolution
		HideSolutionNode = FALSE
	EndGlobalSection
	GlobalSection(ExtensibilityGlobals) = postSolution
		SolutionGuid = {92411624-AC97-4C54-B10F-56501481FA93}
	EndGlobalSection
EndGlobal
